
Microsoft Visual Studio Solution File, Format Version 12.00
# Visual Studio Version 17
VisualStudioVersion = 17.5.33530.505
MinimumVisualStudioVersion = 10.0.40219.1
Project("{FAE04EC0-301F-11D3-BF4B-00C04F79EFBC}") = "CandidateTesting.JuanMatheusLopes.Application", "CandidateTesting.JuanMatheusLopes\CandidateTesting.JuanMatheusLopes.Application.csproj", "{B4A92C3F-E963-4667-AD6C-A6E6E6DE632F}"
EndProject
Project("{FAE04EC0-301F-11D3-BF4B-00C04F79EFBC}") = "CandidateTesting.JuanMatheusLopes.Domain", "CandidateTesting.JuanMatheusLopes.Domain\CandidateTesting.JuanMatheusLopes.Domain.csproj", "{C90C5A64-3E2D-4495-8E7A-60E863728A2D}"
EndProject
Project("{FAE04EC0-301F-11D3-BF4B-00C04F79EFBC}") = "CandidateTesting.JuanMatheusLopes.Infrastructure", "CandidateTesting.JuanMatheusLopes.Infrastructure\CandidateTesting.JuanMatheusLopes.Infrastructure.csproj", "{20D01BDB-00DC-44EB-83F7-64CE3BB4C382}"
EndProject
Project("{FAE04EC0-301F-11D3-BF4B-00C04F79EFBC}") = "CandidateTesting.JuanMatheusLopes.UnitTests", "CandidateTesting.JuanMatheusLopes.UnitTests\CandidateTesting.JuanMatheusLopes.UnitTests.csproj", "{C3FBAA7F-A640-4445-90FB-058FC2105327}"
EndProject
Global
	GlobalSection(SolutionConfigurationPlatforms) = preSolution
		Debug|Any CPU = Debug|Any CPU
		Release|Any CPU = Release|Any CPU
	EndGlobalSection
	GlobalSection(ProjectConfigurationPlatforms) = postSolution
		{B4A92C3F-E963-4667-AD6C-A6E6E6DE632F}.Debug|Any CPU.ActiveCfg = Debug|Any CPU
		{B4A92C3F-E963-4667-AD6C-A6E6E6DE632F}.Debug|Any CPU.Build.0 = Debug|Any CPU
		{B4A92C3F-E963-4667-AD6C-A6E6E6DE632F}.Release|Any CPU.ActiveCfg = Release|Any CPU
		{B4A92C3F-E963-4667-AD6C-A6E6E6DE632F}.Release|Any CPU.Build.0 = Release|Any CPU
		{C90C5A64-3E2D-4495-8E7A-60E863728A2D}.Debug|Any CPU.ActiveCfg = Debug|Any CPU
		{C90C5A64-3E2D-4495-8E7A-60E863728A2D}.Debug|Any CPU.Build.0 = Debug|Any CPU
		{C90C5A64-3E2D-4495-8E7A-60E863728A2D}.Release|Any CPU.ActiveCfg = Release|Any CPU
		{C90C5A64-3E2D-4495-8E7A-60E863728A2D}.Release|Any CPU.Build.0 = Release|Any CPU
		{20D01BDB-00DC-44EB-83F7-64CE3BB4C382}.Debug|Any CPU.ActiveCfg = Debug|Any CPU
		{20D01BDB-00DC-44EB-83F7-64CE3BB4C382}.Debug|Any CPU.Build.0 = Debug|Any CPU
		{20D01BDB-00DC-44EB-83F7-64CE3BB4C382}.Release|Any CPU.ActiveCfg = Release|Any CPU
		{20D01BDB-00DC-44EB-83F7-64CE3BB4C382}.Release|Any CPU.Build.0 = Release|Any CPU
		{C3FBAA7F-A640-4445-90FB-058FC2105327}.Debug|Any CPU.ActiveCfg = Debug|Any CPU
		{C3FBAA7F-A640-4445-90FB-058FC2105327}.Debug|Any CPU.Build.0 = Debug|Any CPU
		{C3FBAA7F-A640-4445-90FB-058FC2105327}.Release|Any CPU.ActiveCfg = Release|Any CPU
		{C3FBAA7F-A640-4445-90FB-058FC2105327}.Release|Any CPU.Build.0 = Release|Any CPU
	EndGlobalSection
	GlobalSection(SolutionProperties) = preSolution
		HideSolutionNode = FALSE
	EndGlobalSection
	GlobalSection(ExtensibilityGlobals) = postSolution
		SolutionGuid = {ADD283B6-E632-4D58-A995-55F84E757DF9}
	EndGlobalSection
EndGlobal
